
Microsoft Visual Studio Solution File, Format Version 12.00
# Visual Studio Version 17
VisualStudioVersion = 17.14.36429.23 d17.14
MinimumVisualStudioVersion = 10.0.40219.1
Project("{FAE04EC0-301F-11D3-BF4B-00C04F79EFBC}") = "selection methods", "selection methods.csproj", "{49A48B41-AB52-4B5F-95FC-86C83F3612D4}"
EndProject
Global
	GlobalSection(SolutionConfigurationPlatforms) = preSolution
		Debug|Any CPU = Debug|Any CPU
		Release|Any CPU = Release|Any CPU
	EndGlobalSection
	GlobalSection(ProjectConfigurationPlatforms) = postSolution
		{49A48B41-AB52-4B5F-95FC-86C83F3612D4}.Debug|Any CPU.ActiveCfg = Debug|Any CPU
		{49A48B41-AB52-4B5F-95FC-86C83F3612D4}.Debug|Any CPU.Build.0 = Debug|Any CPU
		{49A48B41-AB52-4B5F-95FC-86C83F3612D4}.Release|Any CPU.ActiveCfg = Release|Any CPU
		{49A48B41-AB52-4B5F-95FC-86C83F3612D4}.Release|Any CPU.Build.0 = Release|Any CPU
	EndGlobalSection
	GlobalSection(SolutionProperties) = preSolution
		HideSolutionNode = FALSE
	EndGlobalSection
	GlobalSection(ExtensibilityGlobals) = postSolution
		SolutionGuid = {DCA800EE-A018-4CCA-A2E9-423C840702D4}
	EndGlobalSection
EndGlobal
